{
  "pins" : [
    {
      "identity" : "wwdonutchartview",
      "kind" : "remoteSourceControl",
      "location" : "https://github.com/William-Weng/WWDonutChartView",
      "state" : {
        "revision" : "794ef90a4f9f443de1ab941b959a125b6489ea61",
        "version" : "1.0.1"
      }
    },
    {
      "identity" : "wwprint",
      "kind" : "remoteSourceControl",
      "location" : "https://github.com/William-Weng/WWPrint",
      "state" : {
        "revision" : "8f5928f5d36624d77f8fc563fd8e31a59cfac6b6",
        "version" : "1.3.1"
      }
    }
  ],
  "version" : 2
}
