{
  "pins" : [
    {
      "identity" : "wwdonutchartview",
      "kind" : "remoteSourceControl",
      "location" : "https://github.com/William-Weng/WWDonutChartView",
      "state" : {
        "revision" : "1130365fc884328477fb730ef5c2c0f923c19a3c",
        "version" : "1.1.1"
      }
    },
    {
      "identity" : "wwprint",
      "kind" : "remoteSourceControl",
      "location" : "https://github.com/William-Weng/WWPrint",
      "state" : {
        "revision" : "8f5928f5d36624d77f8fc563fd8e31a59cfac6b6",
        "version" : "1.3.1"
      }
    }
  ],
  "version" : 2
}
